
Microsoft Visual Studio Solution File, Format Version 12.00
# Visual Studio Version 16
VisualStudioVersion = 16.0.30320.27
MinimumVisualStudioVersion = 10.0.40219.1
Project("{FAE04EC0-301F-11D3-BF4B-00C04F79EFBC}") = "AnimalPark", "AnimalPark\AnimalPark.csproj", "{B4009B7B-66BE-4435-B007-626DD1832001}"
EndProject
Global
	GlobalSection(SolutionConfigurationPlatforms) = preSolution
		Debug|Any CPU = Debug|Any CPU
		Release|Any CPU = Release|Any CPU
	EndGlobalSection
	GlobalSection(ProjectConfigurationPlatforms) = postSolution
		{B4009B7B-66BE-4435-B007-626DD1832001}.Debug|Any CPU.ActiveCfg = Debug|Any CPU
		{B4009B7B-66BE-4435-B007-626DD1832001}.Debug|Any CPU.Build.0 = Debug|Any CPU
		{B4009B7B-66BE-4435-B007-626DD1832001}.Release|Any CPU.ActiveCfg = Release|Any CPU
		{B4009B7B-66BE-4435-B007-626DD1832001}.Release|Any CPU.Build.0 = Release|Any CPU
	EndGlobalSection
	GlobalSection(SolutionProperties) = preSolution
		HideSolutionNode = FALSE
	EndGlobalSection
	GlobalSection(ExtensibilityGlobals) = postSolution
		SolutionGuid = {FB9288A0-9A89-4877-83D0-F8ABE9D0708D}
	EndGlobalSection
EndGlobal
